
Microsoft Visual Studio Solution File, Format Version 12.00
# Visual Studio Version 17
VisualStudioVersion = 17.11.35312.102
MinimumVisualStudioVersion = 10.0.40219.1
Project("{FAE04EC0-301F-11D3-BF4B-00C04F79EFBC}") = "TrelloAPI", "TrelloAPI\TrelloAPI.csproj", "{B77A9206-C13F-439E-A439-A018E7A702A4}"
EndProject
Global
	GlobalSection(SolutionConfigurationPlatforms) = preSolution
		Debug|Any CPU = Debug|Any CPU
		Release|Any CPU = Release|Any CPU
	EndGlobalSection
	GlobalSection(ProjectConfigurationPlatforms) = postSolution
		{B77A9206-C13F-439E-A439-A018E7A702A4}.Debug|Any CPU.ActiveCfg = Debug|Any CPU
		{B77A9206-C13F-439E-A439-A018E7A702A4}.Debug|Any CPU.Build.0 = Debug|Any CPU
		{B77A9206-C13F-439E-A439-A018E7A702A4}.Release|Any CPU.ActiveCfg = Release|Any CPU
		{B77A9206-C13F-439E-A439-A018E7A702A4}.Release|Any CPU.Build.0 = Release|Any CPU
	EndGlobalSection
	GlobalSection(SolutionProperties) = preSolution
		HideSolutionNode = FALSE
	EndGlobalSection
	GlobalSection(ExtensibilityGlobals) = postSolution
		SolutionGuid = {6CCD24E1-7839-4A43-80DC-080EF3690D76}
	EndGlobalSection
EndGlobal
